
Microsoft Visual Studio Solution File, Format Version 12.00
# Visual Studio 2013
VisualStudioVersion = 12.0.31101.0
MinimumVisualStudioVersion = 10.0.40219.1
Project("{FAE04EC0-301F-11D3-BF4B-00C04F79EFBC}") = "JsTestAdapter", "JsTestAdapter\JsTestAdapter.csproj", "{988CC656-0AF1-4F93-9D47-508FFE2877FA}"
EndProject
Project("{FAE04EC0-301F-11D3-BF4B-00C04F79EFBC}") = "NpmProxy", "NpmProxy\NpmProxy.csproj", "{65F8EF17-76CF-4F2F-9D3E-55CC1C95D065}"
EndProject
Project("{FAE04EC0-301F-11D3-BF4B-00C04F79EFBC}") = "NpmProxyTests", "NpmProxyTests\NpmProxyTests.csproj", "{6109A014-AD9B-4EC0-AEBD-816FAECDA267}"
EndProject
Project("{2150E333-8FDC-42A3-9474-1A3956D46DE8}") = "Solution Files", "Solution Files", "{0A5E2EF2-B590-48D0-A782-397F78E5E367}"
	ProjectSection(SolutionItems) = preProject
		.gitignore = .gitignore
		LICENSE = LICENSE
		README.md = README.md
	EndProjectSection
EndProject
Project("{FAE04EC0-301F-11D3-BF4B-00C04F79EFBC}") = "TestTestAdapter", "TestTestAdapter\TestTestAdapter.csproj", "{E5E65337-19DF-48CA-A580-2DD86716DB45}"
EndProject
Global
	GlobalSection(SolutionConfigurationPlatforms) = preSolution
		Debug|Any CPU = Debug|Any CPU
		Release|Any CPU = Release|Any CPU
	EndGlobalSection
	GlobalSection(ProjectConfigurationPlatforms) = postSolution
		{988CC656-0AF1-4F93-9D47-508FFE2877FA}.Debug|Any CPU.ActiveCfg = Debug|Any CPU
		{988CC656-0AF1-4F93-9D47-508FFE2877FA}.Debug|Any CPU.Build.0 = Debug|Any CPU
		{988CC656-0AF1-4F93-9D47-508FFE2877FA}.Release|Any CPU.ActiveCfg = Release|Any CPU
		{988CC656-0AF1-4F93-9D47-508FFE2877FA}.Release|Any CPU.Build.0 = Release|Any CPU
		{65F8EF17-76CF-4F2F-9D3E-55CC1C95D065}.Debug|Any CPU.ActiveCfg = Debug|Any CPU
		{65F8EF17-76CF-4F2F-9D3E-55CC1C95D065}.Debug|Any CPU.Build.0 = Debug|Any CPU
		{65F8EF17-76CF-4F2F-9D3E-55CC1C95D065}.Release|Any CPU.ActiveCfg = Release|Any CPU
		{65F8EF17-76CF-4F2F-9D3E-55CC1C95D065}.Release|Any CPU.Build.0 = Release|Any CPU
		{6109A014-AD9B-4EC0-AEBD-816FAECDA267}.Debug|Any CPU.ActiveCfg = Debug|Any CPU
		{6109A014-AD9B-4EC0-AEBD-816FAECDA267}.Debug|Any CPU.Build.0 = Debug|Any CPU
		{6109A014-AD9B-4EC0-AEBD-816FAECDA267}.Release|Any CPU.ActiveCfg = Release|Any CPU
		{6109A014-AD9B-4EC0-AEBD-816FAECDA267}.Release|Any CPU.Build.0 = Release|Any CPU
		{E5E65337-19DF-48CA-A580-2DD86716DB45}.Debug|Any CPU.ActiveCfg = Debug|Any CPU
		{E5E65337-19DF-48CA-A580-2DD86716DB45}.Debug|Any CPU.Build.0 = Debug|Any CPU
		{E5E65337-19DF-48CA-A580-2DD86716DB45}.Release|Any CPU.ActiveCfg = Release|Any CPU
		{E5E65337-19DF-48CA-A580-2DD86716DB45}.Release|Any CPU.Build.0 = Release|Any CPU
	EndGlobalSection
	GlobalSection(SolutionProperties) = preSolution
		HideSolutionNode = FALSE
	EndGlobalSection
EndGlobal
